
Microsoft Visual Studio Solution File, Format Version 12.00
# Visual Studio 14
VisualStudioVersion = 14.0.25420.1
MinimumVisualStudioVersion = 10.0.40219.1
Project("{FAE04EC0-301F-11D3-BF4B-00C04F79EFBC}") = "EmitExample", "EmitExample\EmitExample.csproj", "{3E199D65-BA4B-441C-A329-FD07A275CE60}"
EndProject
Project("{FAE04EC0-301F-11D3-BF4B-00C04F79EFBC}") = "DoubleProcessorsLib", "DoubleProcessorsLib\DoubleProcessorsLib.csproj", "{F265865E-8FF9-41C1-A39B-0586FA62EDD5}"
EndProject
Project("{FAE04EC0-301F-11D3-BF4B-00C04F79EFBC}") = "ProcessorsApp", "ProcessorsApp\ProcessorsApp.csproj", "{619EB577-DA65-42AF-ACE4-E1C691CCED8B}"
EndProject
Project("{FAE04EC0-301F-11D3-BF4B-00C04F79EFBC}") = "ExternalProcessors", "ImageProcessor\ExternalProcessors.csproj", "{A1A028FE-F77B-4C7F-A2D5-F88A8B3788CD}"
EndProject
Global
	GlobalSection(SolutionConfigurationPlatforms) = preSolution
		Debug|Any CPU = Debug|Any CPU
		Release|Any CPU = Release|Any CPU
	EndGlobalSection
	GlobalSection(ProjectConfigurationPlatforms) = postSolution
		{3E199D65-BA4B-441C-A329-FD07A275CE60}.Debug|Any CPU.ActiveCfg = Debug|Any CPU
		{3E199D65-BA4B-441C-A329-FD07A275CE60}.Debug|Any CPU.Build.0 = Debug|Any CPU
		{3E199D65-BA4B-441C-A329-FD07A275CE60}.Release|Any CPU.ActiveCfg = Release|Any CPU
		{3E199D65-BA4B-441C-A329-FD07A275CE60}.Release|Any CPU.Build.0 = Release|Any CPU
		{F265865E-8FF9-41C1-A39B-0586FA62EDD5}.Debug|Any CPU.ActiveCfg = Debug|Any CPU
		{F265865E-8FF9-41C1-A39B-0586FA62EDD5}.Debug|Any CPU.Build.0 = Debug|Any CPU
		{F265865E-8FF9-41C1-A39B-0586FA62EDD5}.Release|Any CPU.ActiveCfg = Release|Any CPU
		{F265865E-8FF9-41C1-A39B-0586FA62EDD5}.Release|Any CPU.Build.0 = Release|Any CPU
		{619EB577-DA65-42AF-ACE4-E1C691CCED8B}.Debug|Any CPU.ActiveCfg = Debug|Any CPU
		{619EB577-DA65-42AF-ACE4-E1C691CCED8B}.Debug|Any CPU.Build.0 = Debug|Any CPU
		{619EB577-DA65-42AF-ACE4-E1C691CCED8B}.Release|Any CPU.ActiveCfg = Release|Any CPU
		{619EB577-DA65-42AF-ACE4-E1C691CCED8B}.Release|Any CPU.Build.0 = Release|Any CPU
		{A1A028FE-F77B-4C7F-A2D5-F88A8B3788CD}.Debug|Any CPU.ActiveCfg = Debug|Any CPU
		{A1A028FE-F77B-4C7F-A2D5-F88A8B3788CD}.Debug|Any CPU.Build.0 = Debug|Any CPU
		{A1A028FE-F77B-4C7F-A2D5-F88A8B3788CD}.Release|Any CPU.ActiveCfg = Release|Any CPU
		{A1A028FE-F77B-4C7F-A2D5-F88A8B3788CD}.Release|Any CPU.Build.0 = Release|Any CPU
	EndGlobalSection
	GlobalSection(SolutionProperties) = preSolution
		HideSolutionNode = FALSE
	EndGlobalSection
EndGlobal
